
Microsoft Visual Studio Solution File, Format Version 12.00
# Visual Studio Version 16
VisualStudioVersion = 16.0.30517.126
MinimumVisualStudioVersion = 10.0.40219.1
Project("{FAE04EC0-301F-11D3-BF4B-00C04F79EFBC}") = "Htmlprinter", "Htmlprinter\Htmlprinter.csproj", "{E9D93EFF-E4D1-441A-A25D-59E17CB239FF}"
EndProject
Global
	GlobalSection(SolutionConfigurationPlatforms) = preSolution
		Debug|Any CPU = Debug|Any CPU
		Release|Any CPU = Release|Any CPU
	EndGlobalSection
	GlobalSection(ProjectConfigurationPlatforms) = postSolution
		{E9D93EFF-E4D1-441A-A25D-59E17CB239FF}.Debug|Any CPU.ActiveCfg = Debug|Any CPU
		{E9D93EFF-E4D1-441A-A25D-59E17CB239FF}.Debug|Any CPU.Build.0 = Debug|Any CPU
		{E9D93EFF-E4D1-441A-A25D-59E17CB239FF}.Release|Any CPU.ActiveCfg = Release|Any CPU
		{E9D93EFF-E4D1-441A-A25D-59E17CB239FF}.Release|Any CPU.Build.0 = Release|Any CPU
	EndGlobalSection
	GlobalSection(SolutionProperties) = preSolution
		HideSolutionNode = FALSE
	EndGlobalSection
	GlobalSection(ExtensibilityGlobals) = postSolution
		SolutionGuid = {A12E2014-BA95-4F1C-B03A-305D83AAABF7}
	EndGlobalSection
EndGlobal
